
Microsoft Visual Studio Solution File, Format Version 12.00
# Visual Studio Version 17
VisualStudioVersion = 17.3.32929.385
MinimumVisualStudioVersion = 10.0.40219.1
Project("{FAE04EC0-301F-11D3-BF4B-00C04F79EFBC}") = "Solitaire", "Solitaire\Solitaire.csproj", "{89C32540-5E8E-4EB7-9A5A-1836B6EF17E6}"
EndProject
Global
	GlobalSection(SolutionConfigurationPlatforms) = preSolution
		Debug|Any CPU = Debug|Any CPU
		Release|Any CPU = Release|Any CPU
	EndGlobalSection
	GlobalSection(ProjectConfigurationPlatforms) = postSolution
		{89C32540-5E8E-4EB7-9A5A-1836B6EF17E6}.Debug|Any CPU.ActiveCfg = Debug|Any CPU
		{89C32540-5E8E-4EB7-9A5A-1836B6EF17E6}.Debug|Any CPU.Build.0 = Debug|Any CPU
		{89C32540-5E8E-4EB7-9A5A-1836B6EF17E6}.Release|Any CPU.ActiveCfg = Release|Any CPU
		{89C32540-5E8E-4EB7-9A5A-1836B6EF17E6}.Release|Any CPU.Build.0 = Release|Any CPU
	EndGlobalSection
	GlobalSection(SolutionProperties) = preSolution
		HideSolutionNode = FALSE
	EndGlobalSection
	GlobalSection(ExtensibilityGlobals) = postSolution
		SolutionGuid = {6D26A5FE-BBB6-49BE-8BDC-3A01F3D510FC}
	EndGlobalSection
EndGlobal
